github.com/amarnathcjd/gogram v1.6.3-0.20250929234638-86b85fe4e7ec h1:/sxBQc1MFJSE05Hhf0q5ShdvPxuaWK1IAQ4vnEU43fE=
github.com/amarnathcjd/gogram v1.6.3-0.20250929234638-86b85fe4e7ec/go.mod h1:vZURSYiNYNPnZ70msOgmRmcVuku1P6ol2zIAHMM1CFY=
github.com/joho/godotenv v1.5.1 h1:7eLL/+HRGLY0ldzfGMeQkb7vMd0as4CfYvUVzLqw0N0=
github.com/joho/godotenv v1.5.1/go.mod h1:f4LDr5Voq0i2e/R5DDNOoa2zzDfwtkZa6DnEwAbqwq4=
github.com/pkg/errors v0.9.1 h1:FEBLx1zS214owpjy7qsBeixbURkuhQAwrK5UwLGTwt4=
github.com/pkg/errors v0.9.1/go.mod h1:bwawxfHBFNV+L2hUp1rHADufV3IMtnDRdf1r5NINEl0=
golang.org/x/net v0.44.0 h1:evd8IRDyfNBMBTTY5XRF1vaZlD+EmWx6x8PkhR04H/I=
golang.org/x/net v0.44.0/go.mod h1:ECOoLqd5U3Lhyeyo/QDCEVQ4sNgYsqvCZ722XogGieY=
